// !$*UTF8*$!
{
	archiveVersion = 1;
	classes = {
	};
	objectVersion = 77;
	objects = {

/* Begin PBXBuildFile section */
		7238E6942E943F2400C7D704 /* alarmkitActivityExtension.appex in Embed Foundation Extensions */ = {isa = PBXBuildFile; fileRef = 7238E67E2E943F2300C7D704 /* alarmkitActivityExtension.appex */; settings = {ATTRIBUTES = (RemoveHeadersOnCopy, ); }; };
/* End PBXBuildFile section */

/* Begin PBXContainerItemProxy section */
		7238E6922E943F2400C7D704 /* PBXContainerItemProxy */ = {
			isa = PBXContainerItemProxy;
			containerPortal = 7246311B2E75C649001C1B4A /* Project object */;
			proxyType = 1;
			remoteGlobalIDString = 7238E67D2E943F2300C7D704;
			remoteInfo = alarmkitActivityExtension;
		};
		724631332E75C64A001C1B4A /* PBXContainerItemProxy */ = {
			isa = PBXContainerItemProxy;
			containerPortal = 7246311B2E75C649001C1B4A /* Project object */;
			proxyType = 1;
			remoteGlobalIDString = 724631222E75C649001C1B4A;
			remoteInfo = alarmkit;
		};
		7246313D2E75C64A001C1B4A /* PBXContainerItemProxy */ = {
			isa = PBXContainerItemProxy;
			containerPortal = 7246311B2E75C649001C1B4A /* Project object */;
			proxyType = 1;
			remoteGlobalIDString = 724631222E75C649001C1B4A;
			remoteInfo = alarmkit;
		};
/* End PBXContainerItemProxy section */

/* Begin PBXCopyFilesBuildPhase section */
		7238E6992E943F2400C7D704 /* Embed Foundation Extensions */ = {
			isa = PBXCopyFilesBuildPhase;
			buildActionMask = 2147483647;
			dstPath = "";
			dstSubfolderSpec = 13;
			files = (
				7238E6942E943F2400C7D704 /* alarmkitActivityExtension.appex in Embed Foundation Extensions */,
			);
			name = "Embed Foundation Extensions";
			runOnlyForDeploymentPostprocessing = 0;
		};
/* End PBXCopyFilesBuildPhase section */

/* Begin PBXFileReference section */
		7238E67E2E943F2300C7D704 /* alarmkitActivityExtension.appex */ = {isa = PBXFileReference; explicitFileType = "wrapper.app-extension"; includeInIndex = 0; path = alarmkitActivityExtension.appex; sourceTree = BUILT_PRODUCTS_DIR; };
		7238E6802E943F2300C7D704 /* WidgetKit.framework */ = {isa = PBXFileReference; lastKnownFileType = wrapper.framework; name = WidgetKit.framework; path = System/Library/Frameworks/WidgetKit.framework; sourceTree = SDKROOT; };
		7238E6822E943F2300C7D704 /* SwiftUI.framework */ = {isa = PBXFileReference; lastKnownFileType = wrapper.framework; name = SwiftUI.framework; path = System/Library/Frameworks/SwiftUI.framework; sourceTree = SDKROOT; };
		724631232E75C649001C1B4A /* alarmkit.app */ = {isa = PBXFileReference; explicitFileType = wrapper.application; includeInIndex = 0; path = alarmkit.app; sourceTree = BUILT_PRODUCTS_DIR; };
		724631322E75C64A001C1B4A /* alarmkitTests.xctest */ = {isa = PBXFileReference; explicitFileType = wrapper.cfbundle; includeInIndex = 0; path = alarmkitTests.xctest; sourceTree = BUILT_PRODUCTS_DIR; };
		7246313C2E75C64A001C1B4A /* alarmkitUITests.xctest */ = {isa = PBXFileReference; explicitFileType = wrapper.cfbundle; includeInIndex = 0; path = alarmkitUITests.xctest; sourceTree = BUILT_PRODUCTS_DIR; };
/* End PBXFileReference section */

/* Begin PBXFileSystemSynchronizedBuildFileExceptionSet section */
		7238E69D2E94419900C7D704 /* Exceptions for "alarmkit" folder in "alarmkitActivityExtension" target */ = {
			isa = PBXFileSystemSynchronizedBuildFileExceptionSet;
			membershipExceptions = (
				Intents/AppIntents.swift,
				Models/AlarmMetadata.swift,
			);
			target = 7238E67D2E943F2300C7D704 /* alarmkitActivityExtension */;
		};
		7238E6A82E94448100C7D704 /* Exceptions for "alarmkitActivity" folder in "alarmkitActivityExtension" target */ = {
			isa = PBXFileSystemSynchronizedBuildFileExceptionSet;
			membershipExceptions = (
				alarmkitActivityBundle.swift,
				AlarmLiveActivity.swift,
			);
			target = 7238E67D2E943F2300C7D704 /* alarmkitActivityExtension */;
		};
		724631502E75C9FF001C1B4A /* Exceptions for "alarmkit" folder in "alarmkit" target */ = {
			isa = PBXFileSystemSynchronizedBuildFileExceptionSet;
			membershipExceptions = (
				Info.plist,
			);
			target = 724631222E75C649001C1B4A /* alarmkit */;
		};
/* End PBXFileSystemSynchronizedBuildFileExceptionSet section */

/* Begin PBXFileSystemSynchronizedRootGroup section */
		7238E6A62E94447000C7D704 /* alarmkitActivity */ = {
			isa = PBXFileSystemSynchronizedRootGroup;
			exceptions = (
				7238E6A82E94448100C7D704 /* Exceptions for "alarmkitActivity" folder in "alarmkitActivityExtension" target */,
			);
			path = alarmkitActivity;
			sourceTree = "<group>";
		};
		724631252E75C649001C1B4A /* alarmkit */ = {
			isa = PBXFileSystemSynchronizedRootGroup;
			exceptions = (
				724631502E75C9FF001C1B4A /* Exceptions for "alarmkit" folder in "alarmkit" target */,
				7238E69D2E94419900C7D704 /* Exceptions for "alarmkit" folder in "alarmkitActivityExtension" target */,
			);
			path = alarmkit;
			sourceTree = "<group>";
		};
		724631352E75C64A001C1B4A /* alarmkitTests */ = {
			isa = PBXFileSystemSynchronizedRootGroup;
			path = alarmkitTests;
			sourceTree = "<group>";
		};
		7246313F2E75C64A001C1B4A /* alarmkitUITests */ = {
			isa = PBXFileSystemSynchronizedRootGroup;
			path = alarmkitUITests;
			sourceTree = "<group>";
		};
/* End PBXFileSystemSynchronizedRootGroup section */

/* Begin PBXFrameworksBuildPhase section */
		7238E67B2E943F2300C7D704 /* Frameworks */ = {
			isa = PBXFrameworksBuildPhase;
			buildActionMask = 2147483647;
			files = (
			);
			runOnlyForDeploymentPostprocessing = 0;
		};
		724631202E75C649001C1B4A /* Frameworks */ = {
			isa = PBXFrameworksBuildPhase;
			buildActionMask = 2147483647;
			files = (
			);
			runOnlyForDeploymentPostprocessing = 0;
		};
		7246312F2E75C64A001C1B4A /* Frameworks */ = {
			isa = PBXFrameworksBuildPhase;
			buildActionMask = 2147483647;
			files = (
			);
			runOnlyForDeploymentPostprocessing = 0;
		};
		724631392E75C64A001C1B4A /* Frameworks */ = {
			isa = PBXFrameworksBuildPhase;
			buildActionMask = 2147483647;
			files = (
			);
			runOnlyForDeploymentPostprocessing = 0;
		};
/* End PBXFrameworksBuildPhase section */

/* Begin PBXGroup section */
		7238E67F2E943F2300C7D704 /* Frameworks */ = {
			isa = PBXGroup;
			children = (
				7238E6802E943F2300C7D704 /* WidgetKit.framework */,
				7238E6822E943F2300C7D704 /* SwiftUI.framework */,
			);
			name = Frameworks;
			sourceTree = "<group>";
		};
		7246311A2E75C649001C1B4A = {
			isa = PBXGroup;
			children = (
				724631252E75C649001C1B4A /* alarmkit */,
				724631352E75C64A001C1B4A /* alarmkitTests */,
				7246313F2E75C64A001C1B4A /* alarmkitUITests */,
				7238E6A62E94447000C7D704 /* alarmkitActivity */,
				7238E67F2E943F2300C7D704 /* Frameworks */,
				724631242E75C649001C1B4A /* Products */,
			);
			sourceTree = "<group>";
		};
		724631242E75C649001C1B4A /* Products */ = {
			isa = PBXGroup;
			children = (
				724631232E75C649001C1B4A /* alarmkit.app */,
				724631322E75C64A001C1B4A /* alarmkitTests.xctest */,
				7246313C2E75C64A001C1B4A /* alarmkitUITests.xctest */,
				7238E67E2E943F2300C7D704 /* alarmkitActivityExtension.appex */,
			);
			name = Products;
			sourceTree = "<group>";
		};
/* End PBXGroup section */

/* Begin PBXNativeTarget section */
		7238E67D2E943F2300C7D704 /* alarmkitActivityExtension */ = {
			isa = PBXNativeTarget;
			buildConfigurationList = 7238E6952E943F2400C7D704 /* Build configuration list for PBXNativeTarget "alarmkitActivityExtension" */;
			buildPhases = (
				7238E67A2E943F2300C7D704 /* Sources */,
				7238E67B2E943F2300C7D704 /* Frameworks */,
				7238E67C2E943F2300C7D704 /* Resources */,
			);
			buildRules = (
			);
			dependencies = (
			);
			name = alarmkitActivityExtension;
			packageProductDependencies = (
			);
			productName = alarmkitActivityExtension;
			productReference = 7238E67E2E943F2300C7D704 /* alarmkitActivityExtension.appex */;
			productType = "com.apple.product-type.app-extension";
		};
		724631222E75C649001C1B4A /* alarmkit */ = {
			isa = PBXNativeTarget;
			buildConfigurationList = 724631462E75C64A001C1B4A /* Build configuration list for PBXNativeTarget "alarmkit" */;
			buildPhases = (
				7246311F2E75C649001C1B4A /* Sources */,
				724631202E75C649001C1B4A /* Frameworks */,
				724631212E75C649001C1B4A /* Resources */,
				7238E6992E943F2400C7D704 /* Embed Foundation Extensions */,
			);
			buildRules = (
			);
			dependencies = (
				7238E6932E943F2400C7D704 /* PBXTargetDependency */,
			);
			fileSystemSynchronizedGroups = (
				724631252E75C649001C1B4A /* alarmkit */,
			);
			name = alarmkit;
			packageProductDependencies = (
			);
			productName = alarmkit;
			productReference = 724631232E75C649001C1B4A /* alarmkit.app */;
			productType = "com.apple.product-type.application";
		};
		724631312E75C64A001C1B4A /* alarmkitTests */ = {
			isa = PBXNativeTarget;
			buildConfigurationList = 724631492E75C64A001C1B4A /* Build configuration list for PBXNativeTarget "alarmkitTests" */;
			buildPhases = (
				7246312E2E75C64A001C1B4A /* Sources */,
				7246312F2E75C64A001C1B4A /* Frameworks */,
				724631302E75C64A001C1B4A /* Resources */,
			);
			buildRules = (
			);
			dependencies = (
				724631342E75C64A001C1B4A /* PBXTargetDependency */,
			);
			fileSystemSynchronizedGroups = (
				724631352E75C64A001C1B4A /* alarmkitTests */,
			);
			name = alarmkitTests;
			packageProductDependencies = (
			);
			productName = alarmkitTests;
			productReference = 724631322E75C64A001C1B4A /* alarmkitTests.xctest */;
			productType = "com.apple.product-type.bundle.unit-test";
		};
		7246313B2E75C64A001C1B4A /* alarmkitUITests */ = {
			isa = PBXNativeTarget;
			buildConfigurationList = 7246314C2E75C64A001C1B4A /* Build configuration list for PBXNativeTarget "alarmkitUITests" */;
			buildPhases = (
				724631382E75C64A001C1B4A /* Sources */,
				724631392E75C64A001C1B4A /* Frameworks */,
				7246313A2E75C64A001C1B4A /* Resources */,
			);
			buildRules = (
			);
			dependencies = (
				7246313E2E75C64A001C1B4A /* PBXTargetDependency */,
			);
			fileSystemSynchronizedGroups = (
				7246313F2E75C64A001C1B4A /* alarmkitUITests */,
			);
			name = alarmkitUITests;
			packageProductDependencies = (
			);
			productName = alarmkitUITests;
			productReference = 7246313C2E75C64A001C1B4A /* alarmkitUITests.xctest */;
			productType = "com.apple.product-type.bundle.ui-testing";
		};
/* End PBXNativeTarget section */

/* Begin PBXProject section */
		7246311B2E75C649001C1B4A /* Project object */ = {
			isa = PBXProject;
			attributes = {
				BuildIndependentTargetsInParallel = 1;
				LastSwiftUpdateCheck = 2600;
				LastUpgradeCheck = 2600;
				TargetAttributes = {
					7238E67D2E943F2300C7D704 = {
						CreatedOnToolsVersion = 26.0;
					};
					724631222E75C649001C1B4A = {
						CreatedOnToolsVersion = 26.0;
					};
					724631312E75C64A001C1B4A = {
						CreatedOnToolsVersion = 26.0;
						TestTargetID = 724631222E75C649001C1B4A;
					};
					7246313B2E75C64A001C1B4A = {
						CreatedOnToolsVersion = 26.0;
						TestTargetID = 724631222E75C649001C1B4A;
					};
				};
			};
			buildConfigurationList = 7246311E2E75C649001C1B4A /* Build configuration list for PBXProject "alarmkit" */;
			developmentRegion = en;
			hasScannedForEncodings = 0;
			knownRegions = (
				en,
				Base,
			);
			mainGroup = 7246311A2E75C649001C1B4A;
			minimizedProjectReferenceProxies = 1;
			preferredProjectObjectVersion = 77;
			productRefGroup = 724631242E75C649001C1B4A /* Products */;
			projectDirPath = "";
			projectRoot = "";
			targets = (
				724631222E75C649001C1B4A /* alarmkit */,
				724631312E75C64A001C1B4A /* alarmkitTests */,
				7246313B2E75C64A001C1B4A /* alarmkitUITests */,
				7238E67D2E943F2300C7D704 /* alarmkitActivityExtension */,
			);
		};
/* End PBXProject section */

/* Begin PBXResourcesBuildPhase section */
		7238E67C2E943F2300C7D704 /* Resources */ = {
			isa = PBXResourcesBuildPhase;
			buildActionMask = 2147483647;
			files = (
			);
			runOnlyForDeploymentPostprocessing = 0;
		};
		724631212E75C649001C1B4A /* Resources */ = {
			isa = PBXResourcesBuildPhase;
			buildActionMask = 2147483647;
			files = (
			);
			runOnlyForDeploymentPostprocessing = 0;
		};
		724631302E75C64A001C1B4A /* Resources */ = {
			isa = PBXResourcesBuildPhase;
			buildActionMask = 2147483647;
			files = (
			);
			runOnlyForDeploymentPostprocessing = 0;
		};
		7246313A2E75C64A001C1B4A /* Resources */ = {
			isa = PBXResourcesBuildPhase;
			buildActionMask = 2147483647;
			files = (
			);
			runOnlyForDeploymentPostprocessing = 0;
		};
/* End PBXResourcesBuildPhase section */

/* Begin PBXSourcesBuildPhase section */
		7238E67A2E943F2300C7D704 /* Sources */ = {
			isa = PBXSourcesBuildPhase;
			buildActionMask = 2147483647;
			files = (
			);
			runOnlyForDeploymentPostprocessing = 0;
		};
		7246311F2E75C649001C1B4A /* Sources */ = {
			isa = PBXSourcesBuildPhase;
			buildActionMask = 2147483647;
			files = (
			);
			runOnlyForDeploymentPostprocessing = 0;
		};
		7246312E2E75C64A001C1B4A /* Sources */ = {
			isa = PBXSourcesBuildPhase;
			buildActionMask = 2147483647;
			files = (
			);
			runOnlyForDeploymentPostprocessing = 0;
		};
		724631382E75C64A001C1B4A /* Sources */ = {
			isa = PBXSourcesBuildPhase;
			buildActionMask = 2147483647;
			files = (
			);
			runOnlyForDeploymentPostprocessing = 0;
		};
/* End PBXSourcesBuildPhase section */

/* Begin PBXTargetDependency section */
		7238E6932E943F2400C7D704 /* PBXTargetDependency */ = {
			isa = PBXTargetDependency;
			target = 7238E67D2E943F2300C7D704 /* alarmkitActivityExtension */;
			targetProxy = 7238E6922E943F2400C7D704 /* PBXContainerItemProxy */;
		};
		724631342E75C64A001C1B4A /* PBXTargetDependency */ = {
			isa = PBXTargetDependency;
			target = 724631222E75C649001C1B4A /* alarmkit */;
			targetProxy = 724631332E75C64A001C1B4A /* PBXContainerItemProxy */;
		};
		7246313E2E75C64A001C1B4A /* PBXTargetDependency */ = {
			isa = PBXTargetDependency;
			target = 724631222E75C649001C1B4A /* alarmkit */;
			targetProxy = 7246313D2E75C64A001C1B4A /* PBXContainerItemProxy */;
		};
/* End PBXTargetDependency section */

/* Begin XCBuildConfiguration section */
		7238E6962E943F2400C7D704 /* Debug */ = {
			isa = XCBuildConfiguration;
			buildSettings = {
				ASSETCATALOG_COMPILER_GLOBAL_ACCENT_COLOR_NAME = AccentColor;
				ASSETCATALOG_COMPILER_WIDGET_BACKGROUND_COLOR_NAME = WidgetBackground;
				CODE_SIGN_STYLE = Automatic;
				CURRENT_PROJECT_VERSION = 1;
				DEVELOPMENT_TEAM = SDCTHQR6AD;
				GENERATE_INFOPLIST_FILE = YES;
				INFOPLIST_FILE = alarmkitActivity/Info.plist;
				INFOPLIST_KEY_CFBundleDisplayName = alarmkitActivity;
				INFOPLIST_KEY_NSHumanReadableCopyright = "";
				LD_RUNPATH_SEARCH_PATHS = (
					"$(inherited)",
					"@executable_path/Frameworks",
					"@executable_path/../../Frameworks",
				);
				MARKETING_VERSION = 1.0;
				PRODUCT_BUNDLE_IDENTIFIER = com.example.alarmkit.alarmkitActivity;
				PRODUCT_NAME = "$(TARGET_NAME)";
				SKIP_INSTALL = YES;
				STRING_CATALOG_GENERATE_SYMBOLS = YES;
				SWIFT_APPROACHABLE_CONCURRENCY = YES;
				SWIFT_EMIT_LOC_STRINGS = YES;
				SWIFT_UPCOMING_FEATURE_MEMBER_IMPORT_VISIBILITY = YES;
				SWIFT_VERSION = 5.0;
				TARGETED_DEVICE_FAMILY = "1,2";
			};
			name = Debug;
		};
		7238E6972E943F2400C7D704 /* Release */ = {
			isa = XCBuildConfiguration;
			buildSettings = {
				ASSETCATALOG_COMPILER_GLOBAL_ACCENT_COLOR_NAME = AccentColor;
				ASSETCATALOG_COMPILER_WIDGET_BACKGROUND_COLOR_NAME = WidgetBackground;
				CODE_SIGN_STYLE = Automatic;
				CURRENT_PROJECT_VERSION = 1;
				DEVELOPMENT_TEAM = SDCTHQR6AD;
				GENERATE_INFOPLIST_FILE = YES;
				INFOPLIST_FILE = alarmkitActivity/Info.plist;
				INFOPLIST_KEY_CFBundleDisplayName = alarmkitActivity;
				INFOPLIST_KEY_NSHumanReadableCopyright = "";
				LD_RUNPATH_SEARCH_PATHS = (
					"$(inherited)",
					"@executable_path/Frameworks",
					"@executable_path/../../Frameworks",
				);
				MARKETING_VERSION = 1.0;
				PRODUCT_BUNDLE_IDENTIFIER = com.example.alarmkit.alarmkitActivity;
				PRODUCT_NAME = "$(TARGET_NAME)";
				SKIP_INSTALL = YES;
				STRING_CATALOG_GENERATE_SYMBOLS = YES;
				SWIFT_APPROACHABLE_CONCURRENCY = YES;
				SWIFT_EMIT_LOC_STRINGS = YES;
				SWIFT_UPCOMING_FEATURE_MEMBER_IMPORT_VISIBILITY = YES;
				SWIFT_VERSION = 5.0;
				TARGETED_DEVICE_FAMILY = "1,2";
			};
			name = Release;
		};
		724631442E75C64A001C1B4A /* Debug */ = {
			isa = XCBuildConfiguration;
			buildSettings = {
				ALWAYS_SEARCH_USER_PATHS = NO;
				ASSETCATALOG_COMPILER_GENERATE_SWIFT_ASSET_SYMBOL_EXTENSIONS = YES;
				CLANG_ANALYZER_NONNULL = YES;
				CLANG_ANALYZER_NUMBER_OBJECT_CONVERSION = YES_AGGRESSIVE;
				CLANG_CXX_LANGUAGE_STANDARD = "gnu++20";
				CLANG_ENABLE_MODULES = YES;
				CLANG_ENABLE_OBJC_ARC = YES;
				CLANG_ENABLE_OBJC_WEAK = YES;
				CLANG_WARN_BLOCK_CAPTURE_AUTORELEASING = YES;
				CLANG_WARN_BOOL_CONVERSION = YES;
				CLANG_WARN_COMMA = YES;
				CLANG_WARN_CONSTANT_CONVERSION = YES;
				CLANG_WARN_DEPRECATED_OBJC_IMPLEMENTATIONS = YES;
				CLANG_WARN_DIRECT_OBJC_ISA_USAGE = YES_ERROR;
				CLANG_WARN_DOCUMENTATION_COMMENTS = YES;
				CLANG_WARN_EMPTY_BODY = YES;
				CLANG_WARN_ENUM_CONVERSION = YES;
				CLANG_WARN_INFINITE_RECURSION = YES;
				CLANG_WARN_INT_CONVERSION = YES;
				CLANG_WARN_NON_LITERAL_NULL_CONVERSION = YES;
				CLANG_WARN_OBJC_IMPLICIT_RETAIN_SELF = YES;
				CLANG_WARN_OBJC_LITERAL_CONVERSION = YES;
				CLANG_WARN_OBJC_ROOT_CLASS = YES_ERROR;
				CLANG_WARN_QUOTED_INCLUDE_IN_FRAMEWORK_HEADER = YES;
				CLANG_WARN_RANGE_LOOP_ANALYSIS = YES;
				CLANG_WARN_STRICT_PROTOTYPES = YES;
				CLANG_WARN_SUSPICIOUS_MOVE = YES;
				CLANG_WARN_UNGUARDED_AVAILABILITY = YES_AGGRESSIVE;
				CLANG_WARN_UNREACHABLE_CODE = YES;
				CLANG_WARN__DUPLICATE_METHOD_MATCH = YES;
				COPY_PHASE_STRIP = NO;
				DEBUG_INFORMATION_FORMAT = dwarf;
				DEVELOPMENT_TEAM = SDCTHQR6AD;
				ENABLE_STRICT_OBJC_MSGSEND = YES;
				ENABLE_TESTABILITY = YES;
				ENABLE_USER_SCRIPT_SANDBOXING = YES;
				GCC_C_LANGUAGE_STANDARD = gnu17;
				GCC_DYNAMIC_NO_PIC = NO;
				GCC_NO_COMMON_BLOCKS = YES;
				GCC_OPTIMIZATION_LEVEL = 0;
				GCC_PREPROCESSOR_DEFINITIONS = (
					"DEBUG=1",
					"$(inherited)",
				);
				GCC_WARN_64_TO_32_BIT_CONVERSION = YES;
				GCC_WARN_ABOUT_RETURN_TYPE = YES_ERROR;
				GCC_WARN_UNDECLARED_SELECTOR = YES;
				GCC_WARN_UNINITIALIZED_AUTOS = YES_AGGRESSIVE;
				GCC_WARN_UNUSED_FUNCTION = YES;
				GCC_WARN_UNUSED_VARIABLE = YES;
				IPHONEOS_DEPLOYMENT_TARGET = 26.0;
				LOCALIZATION_PREFERS_STRING_CATALOGS = YES;
				MTL_ENABLE_DEBUG_INFO = INCLUDE_SOURCE;
				MTL_FAST_MATH = YES;
				ONLY_ACTIVE_ARCH = YES;
				SDKROOT = iphoneos;
				SWIFT_ACTIVE_COMPILATION_CONDITIONS = "DEBUG $(inherited)";
				SWIFT_OPTIMIZATION_LEVEL = "-Onone";
			};
			name = Debug;
		};
		724631452E75C64A001C1B4A /* Release */ = {
			isa = XCBuildConfiguration;
			buildSettings = {
				ALWAYS_SEARCH_USER_PATHS = NO;
				ASSETCATALOG_COMPILER_GENERATE_SWIFT_ASSET_SYMBOL_EXTENSIONS = YES;
				CLANG_ANALYZER_NONNULL = YES;
				CLANG_ANALYZER_NUMBER_OBJECT_CONVERSION = YES_AGGRESSIVE;
				CLANG_CXX_LANGUAGE_STANDARD = "gnu++20";
				CLANG_ENABLE_MODULES = YES;
				CLANG_ENABLE_OBJC_ARC = YES;
				CLANG_ENABLE_OBJC_WEAK = YES;
				CLANG_WARN_BLOCK_CAPTURE_AUTORELEASING = YES;
				CLANG_WARN_BOOL_CONVERSION = YES;
				CLANG_WARN_COMMA = YES;
				CLANG_WARN_CONSTANT_CONVERSION = YES;
				CLANG_WARN_DEPRECATED_OBJC_IMPLEMENTATIONS = YES;
				CLANG_WARN_DIRECT_OBJC_ISA_USAGE = YES_ERROR;
				CLANG_WARN_DOCUMENTATION_COMMENTS = YES;
				CLANG_WARN_EMPTY_BODY = YES;
				CLANG_WARN_ENUM_CONVERSION = YES;
				CLANG_WARN_INFINITE_RECURSION = YES;
				CLANG_WARN_INT_CONVERSION = YES;
				CLANG_WARN_NON_LITERAL_NULL_CONVERSION = YES;
				CLANG_WARN_OBJC_IMPLICIT_RETAIN_SELF = YES;
				CLANG_WARN_OBJC_LITERAL_CONVERSION = YES;
				CLANG_WARN_OBJC_ROOT_CLASS = YES_ERROR;
				CLANG_WARN_QUOTED_INCLUDE_IN_FRAMEWORK_HEADER = YES;
				CLANG_WARN_RANGE_LOOP_ANALYSIS = YES;
				CLANG_WARN_STRICT_PROTOTYPES = YES;
				CLANG_WARN_SUSPICIOUS_MOVE = YES;
				CLANG_WARN_UNGUARDED_AVAILABILITY = YES_AGGRESSIVE;
				CLANG_WARN_UNREACHABLE_CODE = YES;
				CLANG_WARN__DUPLICATE_METHOD_MATCH = YES;
				COPY_PHASE_STRIP = NO;
				DEBUG_INFORMATION_FORMAT = "dwarf-with-dsym";
				DEVELOPMENT_TEAM = SDCTHQR6AD;
				ENABLE_NS_ASSERTIONS = NO;
				ENABLE_STRICT_OBJC_MSGSEND = YES;
				ENABLE_USER_SCRIPT_SANDBOXING = YES;
				GCC_C_LANGUAGE_STANDARD = gnu17;
				GCC_NO_COMMON_BLOCKS = YES;
				GCC_WARN_64_TO_32_BIT_CONVERSION = YES;
				GCC_WARN_ABOUT_RETURN_TYPE = YES_ERROR;
				GCC_WARN_UNDECLARED_SELECTOR = YES;
				GCC_WARN_UNINITIALIZED_AUTOS = YES_AGGRESSIVE;
				GCC_WARN_UNUSED_FUNCTION = YES;
				GCC_WARN_UNUSED_VARIABLE = YES;
				IPHONEOS_DEPLOYMENT_TARGET = 26.0;
				LOCALIZATION_PREFERS_STRING_CATALOGS = YES;
				MTL_ENABLE_DEBUG_INFO = NO;
				MTL_FAST_MATH = YES;
				SDKROOT = iphoneos;
				SWIFT_COMPILATION_MODE = wholemodule;
				VALIDATE_PRODUCT = YES;
			};
			name = Release;
		};
		724631472E75C64A001C1B4A /* Debug */ = {
			isa = XCBuildConfiguration;
			buildSettings = {
				ASSETCATALOG_COMPILER_APPICON_NAME = AppIcon;
				ASSETCATALOG_COMPILER_GLOBAL_ACCENT_COLOR_NAME = AccentColor;
				CODE_SIGN_STYLE = Automatic;
				CURRENT_PROJECT_VERSION = 1;
				DEVELOPMENT_TEAM = SDCTHQR6AD;
				ENABLE_PREVIEWS = YES;
				GENERATE_INFOPLIST_FILE = YES;
				INFOPLIST_FILE = alarmkit/Info.plist;
				INFOPLIST_KEY_UIApplicationSceneManifest_Generation = YES;
				INFOPLIST_KEY_UIApplicationSupportsIndirectInputEvents = YES;
				INFOPLIST_KEY_UILaunchScreen_Generation = YES;
				INFOPLIST_KEY_UISupportedInterfaceOrientations_iPad = "UIInterfaceOrientationPortrait UIInterfaceOrientationPortraitUpsideDown UIInterfaceOrientationLandscapeLeft UIInterfaceOrientationLandscapeRight";
				INFOPLIST_KEY_UISupportedInterfaceOrientations_iPhone = "UIInterfaceOrientationPortrait UIInterfaceOrientationLandscapeLeft UIInterfaceOrientationLandscapeRight";
				LD_RUNPATH_SEARCH_PATHS = (
					"$(inherited)",
					"@executable_path/Frameworks",
				);
				MARKETING_VERSION = 1.0;
				PRODUCT_BUNDLE_IDENTIFIER = com.example.alarmkit;
				PRODUCT_NAME = "$(TARGET_NAME)";
				STRING_CATALOG_GENERATE_SYMBOLS = YES;
				SWIFT_APPROACHABLE_CONCURRENCY = YES;
				SWIFT_DEFAULT_ACTOR_ISOLATION = MainActor;
				SWIFT_EMIT_LOC_STRINGS = YES;
				SWIFT_UPCOMING_FEATURE_MEMBER_IMPORT_VISIBILITY = YES;
				SWIFT_VERSION = 5.0;
				TARGETED_DEVICE_FAMILY = "1,2";
			};
			name = Debug;
		};
		724631482E75C64A001C1B4A /* Release */ = {
			isa = XCBuildConfiguration;
			buildSettings = {
				ASSETCATALOG_COMPILER_APPICON_NAME = AppIcon;
				ASSETCATALOG_COMPILER_GLOBAL_ACCENT_COLOR_NAME = AccentColor;
				CODE_SIGN_STYLE = Automatic;
				CURRENT_PROJECT_VERSION = 1;
				DEVELOPMENT_TEAM = SDCTHQR6AD;
				ENABLE_PREVIEWS = YES;
				GENERATE_INFOPLIST_FILE = YES;
				INFOPLIST_FILE = alarmkit/Info.plist;
				INFOPLIST_KEY_UIApplicationSceneManifest_Generation = YES;
				INFOPLIST_KEY_UIApplicationSupportsIndirectInputEvents = YES;
				INFOPLIST_KEY_UILaunchScreen_Generation = YES;
				INFOPLIST_KEY_UISupportedInterfaceOrientations_iPad = "UIInterfaceOrientationPortrait UIInterfaceOrientationPortraitUpsideDown UIInterfaceOrientationLandscapeLeft UIInterfaceOrientationLandscapeRight";
				INFOPLIST_KEY_UISupportedInterfaceOrientations_iPhone = "UIInterfaceOrientationPortrait UIInterfaceOrientationLandscapeLeft UIInterfaceOrientationLandscapeRight";
				LD_RUNPATH_SEARCH_PATHS = (
					"$(inherited)",
					"@executable_path/Frameworks",
				);
				MARKETING_VERSION = 1.0;
				PRODUCT_BUNDLE_IDENTIFIER = com.example.alarmkit;
				PRODUCT_NAME = "$(TARGET_NAME)";
				STRING_CATALOG_GENERATE_SYMBOLS = YES;
				SWIFT_APPROACHABLE_CONCURRENCY = YES;
				SWIFT_DEFAULT_ACTOR_ISOLATION = MainActor;
				SWIFT_EMIT_LOC_STRINGS = YES;
				SWIFT_UPCOMING_FEATURE_MEMBER_IMPORT_VISIBILITY = YES;
				SWIFT_VERSION = 5.0;
				TARGETED_DEVICE_FAMILY = "1,2";
			};
			name = Release;
		};
		7246314A2E75C64A001C1B4A /* Debug */ = {
			isa = XCBuildConfiguration;
			buildSettings = {
				BUNDLE_LOADER = "$(TEST_HOST)";
				CODE_SIGN_STYLE = Automatic;
				CURRENT_PROJECT_VERSION = 1;
				DEVELOPMENT_TEAM = SDCTHQR6AD;
				GENERATE_INFOPLIST_FILE = YES;
				IPHONEOS_DEPLOYMENT_TARGET = 26.0;
				MARKETING_VERSION = 1.0;
				PRODUCT_BUNDLE_IDENTIFIER = com.example.alarmkit.alarmkitTests;
				PRODUCT_NAME = "$(TARGET_NAME)";
				STRING_CATALOG_GENERATE_SYMBOLS = NO;
				SWIFT_APPROACHABLE_CONCURRENCY = YES;
				SWIFT_EMIT_LOC_STRINGS = NO;
				SWIFT_UPCOMING_FEATURE_MEMBER_IMPORT_VISIBILITY = YES;
				SWIFT_VERSION = 5.0;
				TARGETED_DEVICE_FAMILY = "1,2";
				TEST_HOST = "$(BUILT_PRODUCTS_DIR)/alarmkit.app/$(BUNDLE_EXECUTABLE_FOLDER_PATH)/alarmkit";
			};
			name = Debug;
		};
		7246314B2E75C64A001C1B4A /* Release */ = {
			isa = XCBuildConfiguration;
			buildSettings = {
				BUNDLE_LOADER = "$(TEST_HOST)";
				CODE_SIGN_STYLE = Automatic;
				CURRENT_PROJECT_VERSION = 1;
				DEVELOPMENT_TEAM = SDCTHQR6AD;
				GENERATE_INFOPLIST_FILE = YES;
				IPHONEOS_DEPLOYMENT_TARGET = 26.0;
				MARKETING_VERSION = 1.0;
				PRODUCT_BUNDLE_IDENTIFIER = com.example.alarmkit.alarmkitTests;
				PRODUCT_NAME = "$(TARGET_NAME)";
				STRING_CATALOG_GENERATE_SYMBOLS = NO;
				SWIFT_APPROACHABLE_CONCURRENCY = YES;
				SWIFT_EMIT_LOC_STRINGS = NO;
				SWIFT_UPCOMING_FEATURE_MEMBER_IMPORT_VISIBILITY = YES;
				SWIFT_VERSION = 5.0;
				TARGETED_DEVICE_FAMILY = "1,2";
				TEST_HOST = "$(BUILT_PRODUCTS_DIR)/alarmkit.app/$(BUNDLE_EXECUTABLE_FOLDER_PATH)/alarmkit";
			};
			name = Release;
		};
		7246314D2E75C64A001C1B4A /* Debug */ = {
			isa = XCBuildConfiguration;
			buildSettings = {
				CODE_SIGN_STYLE = Automatic;
				CURRENT_PROJECT_VERSION = 1;
				DEVELOPMENT_TEAM = SDCTHQR6AD;
				GENERATE_INFOPLIST_FILE = YES;
				MARKETING_VERSION = 1.0;
				PRODUCT_BUNDLE_IDENTIFIER = com.example.alarmkit.alarmkitUITests;
				PRODUCT_NAME = "$(TARGET_NAME)";
				STRING_CATALOG_GENERATE_SYMBOLS = NO;
				SWIFT_APPROACHABLE_CONCURRENCY = YES;
				SWIFT_EMIT_LOC_STRINGS = NO;
				SWIFT_UPCOMING_FEATURE_MEMBER_IMPORT_VISIBILITY = YES;
				SWIFT_VERSION = 5.0;
				TARGETED_DEVICE_FAMILY = "1,2";
				TEST_TARGET_NAME = alarmkit;
			};
			name = Debug;
		};
		7246314E2E75C64A001C1B4A /* Release */ = {
			isa = XCBuildConfiguration;
			buildSettings = {
				CODE_SIGN_STYLE = Automatic;
				CURRENT_PROJECT_VERSION = 1;
				DEVELOPMENT_TEAM = SDCTHQR6AD;
				GENERATE_INFOPLIST_FILE = YES;
				MARKETING_VERSION = 1.0;
				PRODUCT_BUNDLE_IDENTIFIER = com.example.alarmkit.alarmkitUITests;
				PRODUCT_NAME = "$(TARGET_NAME)";
				STRING_CATALOG_GENERATE_SYMBOLS = NO;
				SWIFT_APPROACHABLE_CONCURRENCY = YES;
				SWIFT_EMIT_LOC_STRINGS = NO;
				SWIFT_UPCOMING_FEATURE_MEMBER_IMPORT_VISIBILITY = YES;
				SWIFT_VERSION = 5.0;
				TARGETED_DEVICE_FAMILY = "1,2";
				TEST_TARGET_NAME = alarmkit;
			};
			name = Release;
		};
/* End XCBuildConfiguration section */

/* Begin XCConfigurationList section */
		7238E6952E943F2400C7D704 /* Build configuration list for PBXNativeTarget "alarmkitActivityExtension" */ = {
			isa = XCConfigurationList;
			buildConfigurations = (
				7238E6962E943F2400C7D704 /* Debug */,
				7238E6972E943F2400C7D704 /* Release */,
			);
			defaultConfigurationIsVisible = 0;
			defaultConfigurationName = Release;
		};
		7246311E2E75C649001C1B4A /* Build configuration list for PBXProject "alarmkit" */ = {
			isa = XCConfigurationList;
			buildConfigurations = (
				724631442E75C64A001C1B4A /* Debug */,
				724631452E75C64A001C1B4A /* Release */,
			);
			defaultConfigurationIsVisible = 0;
			defaultConfigurationName = Release;
		};
		724631462E75C64A001C1B4A /* Build configuration list for PBXNativeTarget "alarmkit" */ = {
			isa = XCConfigurationList;
			buildConfigurations = (
				724631472E75C64A001C1B4A /* Debug */,
				724631482E75C64A001C1B4A /* Release */,
			);
			defaultConfigurationIsVisible = 0;
			defaultConfigurationName = Release;
		};
		724631492E75C64A001C1B4A /* Build configuration list for PBXNativeTarget "alarmkitTests" */ = {
			isa = XCConfigurationList;
			buildConfigurations = (
				7246314A2E75C64A001C1B4A /* Debug */,
				7246314B2E75C64A001C1B4A /* Release */,
			);
			defaultConfigurationIsVisible = 0;
			defaultConfigurationName = Release;
		};
		7246314C2E75C64A001C1B4A /* Build configuration list for PBXNativeTarget "alarmkitUITests" */ = {
			isa = XCConfigurationList;
			buildConfigurations = (
				7246314D2E75C64A001C1B4A /* Debug */,
				7246314E2E75C64A001C1B4A /* Release */,
			);
			defaultConfigurationIsVisible = 0;
			defaultConfigurationName = Release;
		};
/* End XCConfigurationList section */
	};
	rootObject = 7246311B2E75C649001C1B4A /* Project object */;
}
